
Microsoft Visual Studio Solution File, Format Version 12.00
# Visual Studio Version 16
VisualStudioVersion = 16.0.32510.428
MinimumVisualStudioVersion = 10.0.40219.1
Project("{FAE04EC0-301F-11D3-BF4B-00C04F79EFBC}") = "Daily Time Records", "Daily Time Records\Daily Time Records.csproj", "{7FFDBA11-11D8-46A9-989E-D456F5B1D33A}"
EndProject
Global
	GlobalSection(SolutionConfigurationPlatforms) = preSolution
		Debug|Any CPU = Debug|Any CPU
		Release|Any CPU = Release|Any CPU
	EndGlobalSection
	GlobalSection(ProjectConfigurationPlatforms) = postSolution
		{7FFDBA11-11D8-46A9-989E-D456F5B1D33A}.Debug|Any CPU.ActiveCfg = Debug|Any CPU
		{7FFDBA11-11D8-46A9-989E-D456F5B1D33A}.Debug|Any CPU.Build.0 = Debug|Any CPU
		{7FFDBA11-11D8-46A9-989E-D456F5B1D33A}.Release|Any CPU.ActiveCfg = Release|Any CPU
		{7FFDBA11-11D8-46A9-989E-D456F5B1D33A}.Release|Any CPU.Build.0 = Release|Any CPU
	EndGlobalSection
	GlobalSection(SolutionProperties) = preSolution
		HideSolutionNode = FALSE
	EndGlobalSection
	GlobalSection(ExtensibilityGlobals) = postSolution
		SolutionGuid = {43C41361-B564-4790-AF7C-69C92C29DB13}
	EndGlobalSection
EndGlobal
